// !$*UTF8*$!
{
	archiveVersion = 1;
	classes = {
	};
	objectVersion = 77;
	objects = {

/* Begin PBXBuildFile section */
		D12B78072EAF6CD5001AEAA6 /* testbranch.swift in Sources */ = {isa = PBXBuildFile; fileRef = D12B78062EAF6CC8001AEAA6 /* testbranch.swift */; };
		F8A3BEA02EB0712B0064A1B7 /* WidgetKit.framework in Frameworks */ = {isa = PBXBuildFile; fileRef = D127AA662E9E23DA009C7D8F /* WidgetKit.framework */; };
		F8A3BEA12EB0712B0064A1B7 /* SwiftUI.framework in Frameworks */ = {isa = PBXBuildFile; fileRef = D127AA682E9E23DA009C7D8F /* SwiftUI.framework */; };
		F8A3BEB22EB0712D0064A1B7 /* newTargetExtension.appex in Embed Foundation Extensions */ = {isa = PBXBuildFile; fileRef = F8A3BE9F2EB0712B0064A1B7 /* newTargetExtension.appex */; settings = {ATTRIBUTES = (RemoveHeadersOnCopy, ); }; };
/* End PBXBuildFile section */

/* Begin PBXContainerItemProxy section */
		F8A3BEB02EB0712D0064A1B7 /* PBXContainerItemProxy */ = {
			isa = PBXContainerItemProxy;
			containerPortal = ACB5DEAC2E59961800462616 /* Project object */;
			proxyType = 1;
			remoteGlobalIDString = F8A3BE9E2EB0712B0064A1B7;
			remoteInfo = newTargetExtension;
		};
/* End PBXContainerItemProxy section */

/* Begin PBXCopyFilesBuildPhase section */
		D127AA7F2E9E23DB009C7D8F /* Embed Foundation Extensions */ = {
			isa = PBXCopyFilesBuildPhase;
			buildActionMask = 2147483647;
			dstPath = "";
			dstSubfolderSpec = 13;
			files = (
				F8A3BEB22EB0712D0064A1B7 /* newTargetExtension.appex in Embed Foundation Extensions */,
			);
			name = "Embed Foundation Extensions";
			runOnlyForDeploymentPostprocessing = 0;
		};
/* End PBXCopyFilesBuildPhase section */

/* Begin PBXFileReference section */
		ACB5DEB42E59961800462616 /* LibrarySwift.app */ = {isa = PBXFileReference; explicitFileType = wrapper.application; includeInIndex = 0; path = LibrarySwift.app; sourceTree = BUILT_PRODUCTS_DIR; };
		D127AA662E9E23DA009C7D8F /* WidgetKit.framework */ = {isa = PBXFileReference; lastKnownFileType = wrapper.framework; name = WidgetKit.framework; path = System/Library/Frameworks/WidgetKit.framework; sourceTree = SDKROOT; };
		D127AA682E9E23DA009C7D8F /* SwiftUI.framework */ = {isa = PBXFileReference; lastKnownFileType = wrapper.framework; name = SwiftUI.framework; path = System/Library/Frameworks/SwiftUI.framework; sourceTree = SDKROOT; };
		D127AA802E9E23EC009C7D8F /* JinLibraryExtension.entitlements */ = {isa = PBXFileReference; lastKnownFileType = text.plist.entitlements; path = JinLibraryExtension.entitlements; sourceTree = "<group>"; };
		D12B78062EAF6CC8001AEAA6 /* testbranch.swift */ = {isa = PBXFileReference; lastKnownFileType = sourcecode.swift; path = testbranch.swift; sourceTree = "<group>"; };
		D1F829502EA742C200242BB6 /* Charts.framework */ = {isa = PBXFileReference; lastKnownFileType = wrapper.framework; name = Charts.framework; path = System/Library/Frameworks/Charts.framework; sourceTree = SDKROOT; };
		F8A3BE9F2EB0712B0064A1B7 /* newTargetExtension.appex */ = {isa = PBXFileReference; explicitFileType = "wrapper.app-extension"; includeInIndex = 0; path = newTargetExtension.appex; sourceTree = BUILT_PRODUCTS_DIR; };
		F8A3BEB72EB071490064A1B7 /* newTargetExtension.entitlements */ = {isa = PBXFileReference; lastKnownFileType = text.plist.entitlements; path = newTargetExtension.entitlements; sourceTree = "<group>"; };
/* End PBXFileReference section */

/* Begin PBXFileSystemSynchronizedBuildFileExceptionSet section */
		F8A3BEB32EB0712D0064A1B7 /* Exceptions for "newTarget" folder in "newTargetExtension" target */ = {
			isa = PBXFileSystemSynchronizedBuildFileExceptionSet;
			membershipExceptions = (
				Info.plist,
			);
			target = F8A3BE9E2EB0712B0064A1B7 /* newTargetExtension */;
		};
		F8A3BEC72EB072170064A1B7 /* Exceptions for "newTarget" folder in "LibrarySwift" target */ = {
			isa = PBXFileSystemSynchronizedBuildFileExceptionSet;
			membershipExceptions = (
				BookCoverWidgetView.swift,
			);
			target = ACB5DEB32E59961800462616 /* LibrarySwift */;
		};
/* End PBXFileSystemSynchronizedBuildFileExceptionSet section */

/* Begin PBXFileSystemSynchronizedRootGroup section */
		ACB5DEB62E59961800462616 /* LibrarySwift */ = {
			isa = PBXFileSystemSynchronizedRootGroup;
			path = LibrarySwift;
			sourceTree = "<group>";
		};
		ACB5DEC72E599CD000462616 /* Core */ = {
			isa = PBXFileSystemSynchronizedRootGroup;
			path = Core;
			sourceTree = "<group>";
		};
		ACB5DEC82E599CE700462616 /* Features */ = {
			isa = PBXFileSystemSynchronizedRootGroup;
			path = Features;
			sourceTree = "<group>";
		};
		ACB5DEC92E599CF300462616 /* Shared */ = {
			isa = PBXFileSystemSynchronizedRootGroup;
			path = Shared;
			sourceTree = "<group>";
		};
		F8A3BEA22EB0712B0064A1B7 /* newTarget */ = {
			isa = PBXFileSystemSynchronizedRootGroup;
			exceptions = (
				F8A3BEC72EB072170064A1B7 /* Exceptions for "newTarget" folder in "LibrarySwift" target */,
				F8A3BEB32EB0712D0064A1B7 /* Exceptions for "newTarget" folder in "newTargetExtension" target */,
			);
			path = newTarget;
			sourceTree = "<group>";
		};
/* End PBXFileSystemSynchronizedRootGroup section */

/* Begin PBXFrameworksBuildPhase section */
		ACB5DEB12E59961800462616 /* Frameworks */ = {
			isa = PBXFrameworksBuildPhase;
			buildActionMask = 2147483647;
			files = (
			);
			runOnlyForDeploymentPostprocessing = 0;
		};
		F8A3BE9C2EB0712B0064A1B7 /* Frameworks */ = {
			isa = PBXFrameworksBuildPhase;
			buildActionMask = 2147483647;
			files = (
				F8A3BEA12EB0712B0064A1B7 /* SwiftUI.framework in Frameworks */,
				F8A3BEA02EB0712B0064A1B7 /* WidgetKit.framework in Frameworks */,
			);
			runOnlyForDeploymentPostprocessing = 0;
		};
/* End PBXFrameworksBuildPhase section */

/* Begin PBXGroup section */
		ACB5DEAB2E59961800462616 = {
			isa = PBXGroup;
			children = (
				F8A3BEB72EB071490064A1B7 /* newTargetExtension.entitlements */,
				D12B78062EAF6CC8001AEAA6 /* testbranch.swift */,
				D127AA802E9E23EC009C7D8F /* JinLibraryExtension.entitlements */,
				ACB5DEC92E599CF300462616 /* Shared */,
				ACB5DEC82E599CE700462616 /* Features */,
				ACB5DEC72E599CD000462616 /* Core */,
				ACB5DEB62E59961800462616 /* LibrarySwift */,
				F8A3BEA22EB0712B0064A1B7 /* newTarget */,
				D127AA652E9E23DA009C7D8F /* Frameworks */,
				ACB5DEB52E59961800462616 /* Products */,
			);
			sourceTree = "<group>";
		};
		ACB5DEB52E59961800462616 /* Products */ = {
			isa = PBXGroup;
			children = (
				ACB5DEB42E59961800462616 /* LibrarySwift.app */,
				F8A3BE9F2EB0712B0064A1B7 /* newTargetExtension.appex */,
			);
			name = Products;
			sourceTree = "<group>";
		};
		D127AA652E9E23DA009C7D8F /* Frameworks */ = {
			isa = PBXGroup;
			children = (
				D1F829502EA742C200242BB6 /* Charts.framework */,
				D127AA662E9E23DA009C7D8F /* WidgetKit.framework */,
				D127AA682E9E23DA009C7D8F /* SwiftUI.framework */,
			);
			name = Frameworks;
			sourceTree = "<group>";
		};
/* End PBXGroup section */

/* Begin PBXNativeTarget section */
		ACB5DEB32E59961800462616 /* LibrarySwift */ = {
			isa = PBXNativeTarget;
			buildConfigurationList = ACB5DEC42E59961900462616 /* Build configuration list for PBXNativeTarget "LibrarySwift" */;
			buildPhases = (
				ACB5DEB02E59961800462616 /* Sources */,
				ACB5DEB12E59961800462616 /* Frameworks */,
				ACB5DEB22E59961800462616 /* Resources */,
				D127AA7F2E9E23DB009C7D8F /* Embed Foundation Extensions */,
			);
			buildRules = (
			);
			dependencies = (
				F8A3BEB12EB0712D0064A1B7 /* PBXTargetDependency */,
			);
			fileSystemSynchronizedGroups = (
				ACB5DEB62E59961800462616 /* LibrarySwift */,
				ACB5DEC72E599CD000462616 /* Core */,
				ACB5DEC82E599CE700462616 /* Features */,
				ACB5DEC92E599CF300462616 /* Shared */,
			);
			name = LibrarySwift;
			packageProductDependencies = (
			);
			productName = LibrarySwift;
			productReference = ACB5DEB42E59961800462616 /* LibrarySwift.app */;
			productType = "com.apple.product-type.application";
		};
		F8A3BE9E2EB0712B0064A1B7 /* newTargetExtension */ = {
			isa = PBXNativeTarget;
			buildConfigurationList = F8A3BEB42EB0712D0064A1B7 /* Build configuration list for PBXNativeTarget "newTargetExtension" */;
			buildPhases = (
				F8A3BE9B2EB0712B0064A1B7 /* Sources */,
				F8A3BE9C2EB0712B0064A1B7 /* Frameworks */,
				F8A3BE9D2EB0712B0064A1B7 /* Resources */,
			);
			buildRules = (
			);
			dependencies = (
			);
			fileSystemSynchronizedGroups = (
				ACB5DEC72E599CD000462616 /* Core */,
				F8A3BEA22EB0712B0064A1B7 /* newTarget */,
			);
			name = newTargetExtension;
			packageProductDependencies = (
			);
			productName = newTargetExtension;
			productReference = F8A3BE9F2EB0712B0064A1B7 /* newTargetExtension.appex */;
			productType = "com.apple.product-type.app-extension";
		};
/* End PBXNativeTarget section */

/* Begin PBXProject section */
		ACB5DEAC2E59961800462616 /* Project object */ = {
			isa = PBXProject;
			attributes = {
				BuildIndependentTargetsInParallel = 1;
				LastSwiftUpdateCheck = 1640;
				LastUpgradeCheck = 1620;
				TargetAttributes = {
					ACB5DEB32E59961800462616 = {
						CreatedOnToolsVersion = 16.2;
					};
					F8A3BE9E2EB0712B0064A1B7 = {
						CreatedOnToolsVersion = 16.4;
					};
				};
			};
			buildConfigurationList = ACB5DEAF2E59961800462616 /* Build configuration list for PBXProject "LibrarySwift" */;
			developmentRegion = en;
			hasScannedForEncodings = 0;
			knownRegions = (
				en,
				Base,
			);
			mainGroup = ACB5DEAB2E59961800462616;
			minimizedProjectReferenceProxies = 1;
			preferredProjectObjectVersion = 77;
			productRefGroup = ACB5DEB52E59961800462616 /* Products */;
			projectDirPath = "";
			projectRoot = "";
			targets = (
				ACB5DEB32E59961800462616 /* LibrarySwift */,
				F8A3BE9E2EB0712B0064A1B7 /* newTargetExtension */,
			);
		};
/* End PBXProject section */

/* Begin PBXResourcesBuildPhase section */
		ACB5DEB22E59961800462616 /* Resources */ = {
			isa = PBXResourcesBuildPhase;
			buildActionMask = 2147483647;
			files = (
			);
			runOnlyForDeploymentPostprocessing = 0;
		};
		F8A3BE9D2EB0712B0064A1B7 /* Resources */ = {
			isa = PBXResourcesBuildPhase;
			buildActionMask = 2147483647;
			files = (
			);
			runOnlyForDeploymentPostprocessing = 0;
		};
/* End PBXResourcesBuildPhase section */

/* Begin PBXSourcesBuildPhase section */
		ACB5DEB02E59961800462616 /* Sources */ = {
			isa = PBXSourcesBuildPhase;
			buildActionMask = 2147483647;
			files = (
				D12B78072EAF6CD5001AEAA6 /* testbranch.swift in Sources */,
			);
			runOnlyForDeploymentPostprocessing = 0;
		};
		F8A3BE9B2EB0712B0064A1B7 /* Sources */ = {
			isa = PBXSourcesBuildPhase;
			buildActionMask = 2147483647;
			files = (
			);
			runOnlyForDeploymentPostprocessing = 0;
		};
/* End PBXSourcesBuildPhase section */

/* Begin PBXTargetDependency section */
		F8A3BEB12EB0712D0064A1B7 /* PBXTargetDependency */ = {
			isa = PBXTargetDependency;
			target = F8A3BE9E2EB0712B0064A1B7 /* newTargetExtension */;
			targetProxy = F8A3BEB02EB0712D0064A1B7 /* PBXContainerItemProxy */;
		};
/* End PBXTargetDependency section */

/* Begin XCBuildConfiguration section */
		ACB5DEC22E59961900462616 /* Debug */ = {
			isa = XCBuildConfiguration;
			buildSettings = {
				ALWAYS_SEARCH_USER_PATHS = NO;
				ASSETCATALOG_COMPILER_GENERATE_SWIFT_ASSET_SYMBOL_EXTENSIONS = YES;
				CLANG_ANALYZER_NONNULL = YES;
				CLANG_ANALYZER_NUMBER_OBJECT_CONVERSION = YES_AGGRESSIVE;
				CLANG_CXX_LANGUAGE_STANDARD = "gnu++20";
				CLANG_ENABLE_MODULES = YES;
				CLANG_ENABLE_OBJC_ARC = YES;
				CLANG_ENABLE_OBJC_WEAK = YES;
				CLANG_WARN_BLOCK_CAPTURE_AUTORELEASING = YES;
				CLANG_WARN_BOOL_CONVERSION = YES;
				CLANG_WARN_COMMA = YES;
				CLANG_WARN_CONSTANT_CONVERSION = YES;
				CLANG_WARN_DEPRECATED_OBJC_IMPLEMENTATIONS = YES;
				CLANG_WARN_DIRECT_OBJC_ISA_USAGE = YES_ERROR;
				CLANG_WARN_DOCUMENTATION_COMMENTS = YES;
				CLANG_WARN_EMPTY_BODY = YES;
				CLANG_WARN_ENUM_CONVERSION = YES;
				CLANG_WARN_INFINITE_RECURSION = YES;
				CLANG_WARN_INT_CONVERSION = YES;
				CLANG_WARN_NON_LITERAL_NULL_CONVERSION = YES;
				CLANG_WARN_OBJC_IMPLICIT_RETAIN_SELF = YES;
				CLANG_WARN_OBJC_LITERAL_CONVERSION = YES;
				CLANG_WARN_OBJC_ROOT_CLASS = YES_ERROR;
				CLANG_WARN_QUOTED_INCLUDE_IN_FRAMEWORK_HEADER = YES;
				CLANG_WARN_RANGE_LOOP_ANALYSIS = YES;
				CLANG_WARN_STRICT_PROTOTYPES = YES;
				CLANG_WARN_SUSPICIOUS_MOVE = YES;
				CLANG_WARN_UNGUARDED_AVAILABILITY = YES_AGGRESSIVE;
				CLANG_WARN_UNREACHABLE_CODE = YES;
				CLANG_WARN__DUPLICATE_METHOD_MATCH = YES;
				COPY_PHASE_STRIP = NO;
				DEBUG_INFORMATION_FORMAT = dwarf;
				ENABLE_STRICT_OBJC_MSGSEND = YES;
				ENABLE_TESTABILITY = YES;
				ENABLE_USER_SCRIPT_SANDBOXING = YES;
				GCC_C_LANGUAGE_STANDARD = gnu17;
				GCC_DYNAMIC_NO_PIC = NO;
				GCC_NO_COMMON_BLOCKS = YES;
				GCC_OPTIMIZATION_LEVEL = 0;
				GCC_PREPROCESSOR_DEFINITIONS = (
					"DEBUG=1",
					"$(inherited)",
				);
				GCC_WARN_64_TO_32_BIT_CONVERSION = YES;
				GCC_WARN_ABOUT_RETURN_TYPE = YES_ERROR;
				GCC_WARN_UNDECLARED_SELECTOR = YES;
				GCC_WARN_UNINITIALIZED_AUTOS = YES_AGGRESSIVE;
				GCC_WARN_UNUSED_FUNCTION = YES;
				GCC_WARN_UNUSED_VARIABLE = YES;
				IPHONEOS_DEPLOYMENT_TARGET = 18.2;
				LOCALIZATION_PREFERS_STRING_CATALOGS = YES;
				MTL_ENABLE_DEBUG_INFO = INCLUDE_SOURCE;
				MTL_FAST_MATH = YES;
				ONLY_ACTIVE_ARCH = YES;
				SDKROOT = iphoneos;
				SWIFT_ACTIVE_COMPILATION_CONDITIONS = "DEBUG $(inherited)";
				SWIFT_OPTIMIZATION_LEVEL = "-Onone";
			};
			name = Debug;
		};
		ACB5DEC32E59961900462616 /* Release */ = {
			isa = XCBuildConfiguration;
			buildSettings = {
				ALWAYS_SEARCH_USER_PATHS = NO;
				ASSETCATALOG_COMPILER_GENERATE_SWIFT_ASSET_SYMBOL_EXTENSIONS = YES;
				CLANG_ANALYZER_NONNULL = YES;
				CLANG_ANALYZER_NUMBER_OBJECT_CONVERSION = YES_AGGRESSIVE;
				CLANG_CXX_LANGUAGE_STANDARD = "gnu++20";
				CLANG_ENABLE_MODULES = YES;
				CLANG_ENABLE_OBJC_ARC = YES;
				CLANG_ENABLE_OBJC_WEAK = YES;
				CLANG_WARN_BLOCK_CAPTURE_AUTORELEASING = YES;
				CLANG_WARN_BOOL_CONVERSION = YES;
				CLANG_WARN_COMMA = YES;
				CLANG_WARN_CONSTANT_CONVERSION = YES;
				CLANG_WARN_DEPRECATED_OBJC_IMPLEMENTATIONS = YES;
				CLANG_WARN_DIRECT_OBJC_ISA_USAGE = YES_ERROR;
				CLANG_WARN_DOCUMENTATION_COMMENTS = YES;
				CLANG_WARN_EMPTY_BODY = YES;
				CLANG_WARN_ENUM_CONVERSION = YES;
				CLANG_WARN_INFINITE_RECURSION = YES;
				CLANG_WARN_INT_CONVERSION = YES;
				CLANG_WARN_NON_LITERAL_NULL_CONVERSION = YES;
				CLANG_WARN_OBJC_IMPLICIT_RETAIN_SELF = YES;
				CLANG_WARN_OBJC_LITERAL_CONVERSION = YES;
				CLANG_WARN_OBJC_ROOT_CLASS = YES_ERROR;
				CLANG_WARN_QUOTED_INCLUDE_IN_FRAMEWORK_HEADER = YES;
				CLANG_WARN_RANGE_LOOP_ANALYSIS = YES;
				CLANG_WARN_STRICT_PROTOTYPES = YES;
				CLANG_WARN_SUSPICIOUS_MOVE = YES;
				CLANG_WARN_UNGUARDED_AVAILABILITY = YES_AGGRESSIVE;
				CLANG_WARN_UNREACHABLE_CODE = YES;
				CLANG_WARN__DUPLICATE_METHOD_MATCH = YES;
				COPY_PHASE_STRIP = NO;
				DEBUG_INFORMATION_FORMAT = "dwarf-with-dsym";
				ENABLE_NS_ASSERTIONS = NO;
				ENABLE_STRICT_OBJC_MSGSEND = YES;
				ENABLE_USER_SCRIPT_SANDBOXING = YES;
				GCC_C_LANGUAGE_STANDARD = gnu17;
				GCC_NO_COMMON_BLOCKS = YES;
				GCC_WARN_64_TO_32_BIT_CONVERSION = YES;
				GCC_WARN_ABOUT_RETURN_TYPE = YES_ERROR;
				GCC_WARN_UNDECLARED_SELECTOR = YES;
				GCC_WARN_UNINITIALIZED_AUTOS = YES_AGGRESSIVE;
				GCC_WARN_UNUSED_FUNCTION = YES;
				GCC_WARN_UNUSED_VARIABLE = YES;
				IPHONEOS_DEPLOYMENT_TARGET = 18.2;
				LOCALIZATION_PREFERS_STRING_CATALOGS = YES;
				MTL_ENABLE_DEBUG_INFO = NO;
				MTL_FAST_MATH = YES;
				SDKROOT = iphoneos;
				SWIFT_COMPILATION_MODE = wholemodule;
				VALIDATE_PRODUCT = YES;
			};
			name = Release;
		};
		ACB5DEC52E59961900462616 /* Debug */ = {
			isa = XCBuildConfiguration;
			buildSettings = {
				ASSETCATALOG_COMPILER_APPICON_NAME = AppIcon;
				ASSETCATALOG_COMPILER_GLOBAL_ACCENT_COLOR_NAME = AccentColor;
				CODE_SIGN_ENTITLEMENTS = LibrarySwift/LibrarySwift.entitlements;
				CODE_SIGN_STYLE = Automatic;
				CURRENT_PROJECT_VERSION = 1;
				DEVELOPMENT_ASSET_PATHS = "\"LibrarySwift/Preview Content\"";
				DEVELOPMENT_TEAM = 2DZ9VBVDPP;
				ENABLE_PREVIEWS = YES;
				GENERATE_INFOPLIST_FILE = YES;
				INFOPLIST_KEY_UIApplicationSceneManifest_Generation = YES;
				INFOPLIST_KEY_UIApplicationSupportsIndirectInputEvents = YES;
				INFOPLIST_KEY_UILaunchScreen_Generation = YES;
				INFOPLIST_KEY_UISupportedInterfaceOrientations_iPad = "UIInterfaceOrientationPortrait UIInterfaceOrientationPortraitUpsideDown UIInterfaceOrientationLandscapeLeft UIInterfaceOrientationLandscapeRight";
				INFOPLIST_KEY_UISupportedInterfaceOrientations_iPhone = "UIInterfaceOrientationPortrait UIInterfaceOrientationLandscapeLeft UIInterfaceOrientationLandscapeRight";
				LD_RUNPATH_SEARCH_PATHS = (
					"$(inherited)",
					"@executable_path/Frameworks",
				);
				MARKETING_VERSION = 1.0;
				PRODUCT_BUNDLE_IDENTIFIER = jin888.LibrarySwift;
				PRODUCT_NAME = "$(TARGET_NAME)";
				SWIFT_EMIT_LOC_STRINGS = YES;
				SWIFT_VERSION = 5.0;
				TARGETED_DEVICE_FAMILY = "1,2";
			};
			name = Debug;
		};
		ACB5DEC62E59961900462616 /* Release */ = {
			isa = XCBuildConfiguration;
			buildSettings = {
				ASSETCATALOG_COMPILER_APPICON_NAME = AppIcon;
				ASSETCATALOG_COMPILER_GLOBAL_ACCENT_COLOR_NAME = AccentColor;
				CODE_SIGN_ENTITLEMENTS = LibrarySwift/LibrarySwift.entitlements;
				CODE_SIGN_STYLE = Automatic;
				CURRENT_PROJECT_VERSION = 1;
				DEVELOPMENT_ASSET_PATHS = "\"LibrarySwift/Preview Content\"";
				DEVELOPMENT_TEAM = 2DZ9VBVDPP;
				ENABLE_PREVIEWS = YES;
				GENERATE_INFOPLIST_FILE = YES;
				INFOPLIST_KEY_UIApplicationSceneManifest_Generation = YES;
				INFOPLIST_KEY_UIApplicationSupportsIndirectInputEvents = YES;
				INFOPLIST_KEY_UILaunchScreen_Generation = YES;
				INFOPLIST_KEY_UISupportedInterfaceOrientations_iPad = "UIInterfaceOrientationPortrait UIInterfaceOrientationPortraitUpsideDown UIInterfaceOrientationLandscapeLeft UIInterfaceOrientationLandscapeRight";
				INFOPLIST_KEY_UISupportedInterfaceOrientations_iPhone = "UIInterfaceOrientationPortrait UIInterfaceOrientationLandscapeLeft UIInterfaceOrientationLandscapeRight";
				LD_RUNPATH_SEARCH_PATHS = (
					"$(inherited)",
					"@executable_path/Frameworks",
				);
				MARKETING_VERSION = 1.0;
				PRODUCT_BUNDLE_IDENTIFIER = jin888.LibrarySwift;
				PRODUCT_NAME = "$(TARGET_NAME)";
				SWIFT_EMIT_LOC_STRINGS = YES;
				SWIFT_VERSION = 5.0;
				TARGETED_DEVICE_FAMILY = "1,2";
			};
			name = Release;
		};
		F8A3BEB52EB0712D0064A1B7 /* Debug */ = {
			isa = XCBuildConfiguration;
			buildSettings = {
				ASSETCATALOG_COMPILER_GLOBAL_ACCENT_COLOR_NAME = AccentColor;
				ASSETCATALOG_COMPILER_WIDGET_BACKGROUND_COLOR_NAME = WidgetBackground;
				CODE_SIGN_ENTITLEMENTS = newTargetExtension.entitlements;
				CODE_SIGN_STYLE = Automatic;
				CURRENT_PROJECT_VERSION = 1;
				DEVELOPMENT_TEAM = 2DZ9VBVDPP;
				GENERATE_INFOPLIST_FILE = YES;
				INFOPLIST_FILE = newTarget/Info.plist;
				INFOPLIST_KEY_CFBundleDisplayName = newTarget;
				INFOPLIST_KEY_NSHumanReadableCopyright = "";
				IPHONEOS_DEPLOYMENT_TARGET = 18.5;
				LD_RUNPATH_SEARCH_PATHS = (
					"$(inherited)",
					"@executable_path/Frameworks",
					"@executable_path/../../Frameworks",
				);
				MARKETING_VERSION = 1.0;
				PRODUCT_BUNDLE_IDENTIFIER = jin888.LibrarySwift.newTarget;
				PRODUCT_NAME = "$(TARGET_NAME)";
				SKIP_INSTALL = YES;
				SWIFT_EMIT_LOC_STRINGS = YES;
				SWIFT_VERSION = 5.0;
				TARGETED_DEVICE_FAMILY = "1,2";
			};
			name = Debug;
		};
		F8A3BEB62EB0712D0064A1B7 /* Release */ = {
			isa = XCBuildConfiguration;
			buildSettings = {
				ASSETCATALOG_COMPILER_GLOBAL_ACCENT_COLOR_NAME = AccentColor;
				ASSETCATALOG_COMPILER_WIDGET_BACKGROUND_COLOR_NAME = WidgetBackground;
				CODE_SIGN_ENTITLEMENTS = newTargetExtension.entitlements;
				CODE_SIGN_STYLE = Automatic;
				CURRENT_PROJECT_VERSION = 1;
				DEVELOPMENT_TEAM = 2DZ9VBVDPP;
				GENERATE_INFOPLIST_FILE = YES;
				INFOPLIST_FILE = newTarget/Info.plist;
				INFOPLIST_KEY_CFBundleDisplayName = newTarget;
				INFOPLIST_KEY_NSHumanReadableCopyright = "";
				IPHONEOS_DEPLOYMENT_TARGET = 18.5;
				LD_RUNPATH_SEARCH_PATHS = (
					"$(inherited)",
					"@executable_path/Frameworks",
					"@executable_path/../../Frameworks",
				);
				MARKETING_VERSION = 1.0;
				PRODUCT_BUNDLE_IDENTIFIER = jin888.LibrarySwift.newTarget;
				PRODUCT_NAME = "$(TARGET_NAME)";
				SKIP_INSTALL = YES;
				SWIFT_EMIT_LOC_STRINGS = YES;
				SWIFT_VERSION = 5.0;
				TARGETED_DEVICE_FAMILY = "1,2";
			};
			name = Release;
		};
/* End XCBuildConfiguration section */

/* Begin XCConfigurationList section */
		ACB5DEAF2E59961800462616 /* Build configuration list for PBXProject "LibrarySwift" */ = {
			isa = XCConfigurationList;
			buildConfigurations = (
				ACB5DEC22E59961900462616 /* Debug */,
				ACB5DEC32E59961900462616 /* Release */,
			);
			defaultConfigurationIsVisible = 0;
			defaultConfigurationName = Release;
		};
		ACB5DEC42E59961900462616 /* Build configuration list for PBXNativeTarget "LibrarySwift" */ = {
			isa = XCConfigurationList;
			buildConfigurations = (
				ACB5DEC52E59961900462616 /* Debug */,
				ACB5DEC62E59961900462616 /* Release */,
			);
			defaultConfigurationIsVisible = 0;
			defaultConfigurationName = Release;
		};
		F8A3BEB42EB0712D0064A1B7 /* Build configuration list for PBXNativeTarget "newTargetExtension" */ = {
			isa = XCConfigurationList;
			buildConfigurations = (
				F8A3BEB52EB0712D0064A1B7 /* Debug */,
				F8A3BEB62EB0712D0064A1B7 /* Release */,
			);
			defaultConfigurationIsVisible = 0;
			defaultConfigurationName = Release;
		};
/* End XCConfigurationList section */
	};
	rootObject = ACB5DEAC2E59961800462616 /* Project object */;
}
